
Microsoft Visual Studio Solution File, Format Version 12.00
# Visual Studio Version 17
VisualStudioVersion = 17.5.33530.505
MinimumVisualStudioVersion = 10.0.40219.1
Project("{FAE04EC0-301F-11D3-BF4B-00C04F79EFBC}") = "u21593681_INF272HomeworkAss3", "u21593681_INF272HomeworkAss3.csproj", "{59C10A25-62A7-4ECC-833B-CD9A5A7A826C}"
EndProject
Global
	GlobalSection(SolutionConfigurationPlatforms) = preSolution
		Debug|Any CPU = Debug|Any CPU
		Release|Any CPU = Release|Any CPU
	EndGlobalSection
	GlobalSection(ProjectConfigurationPlatforms) = postSolution
		{59C10A25-62A7-4ECC-833B-CD9A5A7A826C}.Debug|Any CPU.ActiveCfg = Debug|Any CPU
		{59C10A25-62A7-4ECC-833B-CD9A5A7A826C}.Debug|Any CPU.Build.0 = Debug|Any CPU
		{59C10A25-62A7-4ECC-833B-CD9A5A7A826C}.Release|Any CPU.ActiveCfg = Release|Any CPU
		{59C10A25-62A7-4ECC-833B-CD9A5A7A826C}.Release|Any CPU.Build.0 = Release|Any CPU
	EndGlobalSection
	GlobalSection(SolutionProperties) = preSolution
		HideSolutionNode = FALSE
	EndGlobalSection
	GlobalSection(ExtensibilityGlobals) = postSolution
		SolutionGuid = {FCA96AD2-0225-4F55-8AE4-B9903B3C2E9E}
	EndGlobalSection
EndGlobal
